// !$*UTF8*$!
{
	archiveVersion = 1;
	classes = {
	};
	objectVersion = 46;
	objects = {

/* Begin PBXBuildFile section */
		8409C6A11B4E94A600201764 /* main.m in Sources */ = {isa = PBXBuildFile; fileRef = 8409C6A01B4E94A600201764 /* main.m */; };
		8409C6A41B4E94A600201764 /* AppDelegate.m in Sources */ = {isa = PBXBuildFile; fileRef = 8409C6A31B4E94A600201764 /* AppDelegate.m */; };
		8409C6A71B4E94A600201764 /* ViewController.m in Sources */ = {isa = PBXBuildFile; fileRef = 8409C6A61B4E94A600201764 /* ViewController.m */; };
		8409C6AA1B4E94A600201764 /* Main.storyboard in Resources */ = {isa = PBXBuildFile; fileRef = 8409C6A81B4E94A600201764 /* Main.storyboard */; };
		8409C6AC1B4E94A600201764 /* Images.xcassets in Resources */ = {isa = PBXBuildFile; fileRef = 8409C6AB1B4E94A600201764 /* Images.xcassets */; };
		8409C6AF1B4E94A600201764 /* LaunchScreen.xib in Resources */ = {isa = PBXBuildFile; fileRef = 8409C6AD1B4E94A600201764 /* LaunchScreen.xib */; };
		8409C6BB1B4E94A600201764 /* zigzagTests.m in Sources */ = {isa = PBXBuildFile; fileRef = 8409C6BA1B4E94A600201764 /* zigzagTests.m */; };
/* End PBXBuildFile section */

/* Begin PBXContainerItemProxy section */
		8409C6B51B4E94A600201764 /* PBXContainerItemProxy */ = {
			isa = PBXContainerItemProxy;
			containerPortal = 8409C6931B4E94A600201764 /* Project object */;
			proxyType = 1;
			remoteGlobalIDString = 8409C69A1B4E94A600201764;
			remoteInfo = zigzag;
		};
/* End PBXContainerItemProxy section */

/* Begin PBXFileReference section */
		8409C69B1B4E94A600201764 /* zigzag.app */ = {isa = PBXFileReference; explicitFileType = wrapper.application; includeInIndex = 0; path = zigzag.app; sourceTree = BUILT_PRODUCTS_DIR; };
		8409C69F1B4E94A600201764 /* Info.plist */ = {isa = PBXFileReference; lastKnownFileType = text.plist.xml; path = Info.plist; sourceTree = "<group>"; };
		8409C6A01B4E94A600201764 /* main.m */ = {isa = PBXFileReference; lastKnownFileType = sourcecode.c.objc; path = main.m; sourceTree = "<group>"; };
		8409C6A21B4E94A600201764 /* AppDelegate.h */ = {isa = PBXFileReference; lastKnownFileType = sourcecode.c.h; path = AppDelegate.h; sourceTree = "<group>"; };
		8409C6A31B4E94A600201764 /* AppDelegate.m */ = {isa = PBXFileReference; lastKnownFileType = sourcecode.c.objc; path = AppDelegate.m; sourceTree = "<group>"; };
		8409C6A51B4E94A600201764 /* ViewController.h */ = {isa = PBXFileReference; lastKnownFileType = sourcecode.c.h; path = ViewController.h; sourceTree = "<group>"; };
		8409C6A61B4E94A600201764 /* ViewController.m */ = {isa = PBXFileReference; lastKnownFileType = sourcecode.c.objc; path = ViewController.m; sourceTree = "<group>"; };
		8409C6A91B4E94A600201764 /* Base */ = {isa = PBXFileReference; lastKnownFileType = file.storyboard; name = Base; path = Base.lproj/Main.storyboard; sourceTree = "<group>"; };
		8409C6AB1B4E94A600201764 /* Images.xcassets */ = {isa = PBXFileReference; lastKnownFileType = folder.assetcatalog; path = Images.xcassets; sourceTree = "<group>"; };
		8409C6AE1B4E94A600201764 /* Base */ = {isa = PBXFileReference; lastKnownFileType = file.xib; name = Base; path = Base.lproj/LaunchScreen.xib; sourceTree = "<group>"; };
		8409C6B41B4E94A600201764 /* zigzagTests.xctest */ = {isa = PBXFileReference; explicitFileType = wrapper.cfbundle; includeInIndex = 0; path = zigzagTests.xctest; sourceTree = BUILT_PRODUCTS_DIR; };
		8409C6B91B4E94A600201764 /* Info.plist */ = {isa = PBXFileReference; lastKnownFileType = text.plist.xml; path = Info.plist; sourceTree = "<group>"; };
		8409C6BA1B4E94A600201764 /* zigzagTests.m */ = {isa = PBXFileReference; lastKnownFileType = sourcecode.c.objc; path = zigzagTests.m; sourceTree = "<group>"; };
/* End PBXFileReference section */

/* Begin PBXFrameworksBuildPhase section */
		8409C6981B4E94A600201764 /* Frameworks */ = {
			isa = PBXFrameworksBuildPhase;
			buildActionMask = 2147483647;
			files = (
			);
			runOnlyForDeploymentPostprocessing = 0;
		};
		8409C6B11B4E94A600201764 /* Frameworks */ = {
			isa = PBXFrameworksBuildPhase;
			buildActionMask = 2147483647;
			files = (
			);
			runOnlyForDeploymentPostprocessing = 0;
		};
/* End PBXFrameworksBuildPhase section */

/* Begin PBXGroup section */
		8409C6921B4E94A600201764 = {
			isa = PBXGroup;
			children = (
				8409C69D1B4E94A600201764 /* zigzag */,
				8409C6B71B4E94A600201764 /* zigzagTests */,
				8409C69C1B4E94A600201764 /* Products */,
			);
			sourceTree = "<group>";
		};
		8409C69C1B4E94A600201764 /* Products */ = {
			isa = PBXGroup;
			children = (
				8409C69B1B4E94A600201764 /* zigzag.app */,
				8409C6B41B4E94A600201764 /* zigzagTests.xctest */,
			);
			name = Products;
			sourceTree = "<group>";
		};
		8409C69D1B4E94A600201764 /* zigzag */ = {
			isa = PBXGroup;
			children = (
				8409C6A21B4E94A600201764 /* AppDelegate.h */,
				8409C6A31B4E94A600201764 /* AppDelegate.m */,
				8409C6A51B4E94A600201764 /* ViewController.h */,
				8409C6A61B4E94A600201764 /* ViewController.m */,
				8409C6A81B4E94A600201764 /* Main.storyboard */,
				8409C6AB1B4E94A600201764 /* Images.xcassets */,
				8409C6AD1B4E94A600201764 /* LaunchScreen.xib */,
				8409C69E1B4E94A600201764 /* Supporting Files */,
			);
			path = zigzag;
			sourceTree = "<group>";
		};
		8409C69E1B4E94A600201764 /* Supporting Files */ = {
			isa = PBXGroup;
			children = (
				8409C69F1B4E94A600201764 /* Info.plist */,
				8409C6A01B4E94A600201764 /* main.m */,
			);
			name = "Supporting Files";
			sourceTree = "<group>";
		};
		8409C6B71B4E94A600201764 /* zigzagTests */ = {
			isa = PBXGroup;
			children = (
				8409C6BA1B4E94A600201764 /* zigzagTests.m */,
				8409C6B81B4E94A600201764 /* Supporting Files */,
			);
			path = zigzagTests;
			sourceTree = "<group>";
		};
		8409C6B81B4E94A600201764 /* Supporting Files */ = {
			isa = PBXGroup;
			children = (
				8409C6B91B4E94A600201764 /* Info.plist */,
			);
			name = "Supporting Files";
			sourceTree = "<group>";
		};
/* End PBXGroup section */

/* Begin PBXNativeTarget section */
		8409C69A1B4E94A600201764 /* zigzag */ = {
			isa = PBXNativeTarget;
			buildConfigurationList = 8409C6BE1B4E94A600201764 /* Build configuration list for PBXNativeTarget "zigzag" */;
			buildPhases = (
				8409C6971B4E94A600201764 /* Sources */,
				8409C6981B4E94A600201764 /* Frameworks */,
				8409C6991B4E94A600201764 /* Resources */,
			);
			buildRules = (
			);
			dependencies = (
			);
			name = zigzag;
			productName = zigzag;
			productReference = 8409C69B1B4E94A600201764 /* zigzag.app */;
			productType = "com.apple.product-type.application";
		};
		8409C6B31B4E94A600201764 /* zigzagTests */ = {
			isa = PBXNativeTarget;
			buildConfigurationList = 8409C6C11B4E94A600201764 /* Build configuration list for PBXNativeTarget "zigzagTests" */;
			buildPhases = (
				8409C6B01B4E94A600201764 /* Sources */,
				8409C6B11B4E94A600201764 /* Frameworks */,
				8409C6B21B4E94A600201764 /* Resources */,
			);
			buildRules = (
			);
			dependencies = (
				8409C6B61B4E94A600201764 /* PBXTargetDependency */,
			);
			name = zigzagTests;
			productName = zigzagTests;
			productReference = 8409C6B41B4E94A600201764 /* zigzagTests.xctest */;
			productType = "com.apple.product-type.bundle.unit-test";
		};
/* End PBXNativeTarget section */

/* Begin PBXProject section */
		8409C6931B4E94A600201764 /* Project object */ = {
			isa = PBXProject;
			attributes = {
				LastUpgradeCheck = 0640;
				ORGANIZATIONNAME = admin;
				TargetAttributes = {
					8409C69A1B4E94A600201764 = {
						CreatedOnToolsVersion = 6.4;
					};
					8409C6B31B4E94A600201764 = {
						CreatedOnToolsVersion = 6.4;
						TestTargetID = 8409C69A1B4E94A600201764;
					};
				};
			};
			buildConfigurationList = 8409C6961B4E94A600201764 /* Build configuration list for PBXProject "zigzag" */;
			compatibilityVersion = "Xcode 3.2";
			developmentRegion = English;
			hasScannedForEncodings = 0;
			knownRegions = (
				en,
				Base,
			);
			mainGroup = 8409C6921B4E94A600201764;
			productRefGroup = 8409C69C1B4E94A600201764 /* Products */;
			projectDirPath = "";
			projectRoot = "";
			targets = (
				8409C69A1B4E94A600201764 /* zigzag */,
				8409C6B31B4E94A600201764 /* zigzagTests */,
			);
		};
/* End PBXProject section */

/* Begin PBXResourcesBuildPhase section */
		8409C6991B4E94A600201764 /* Resources */ = {
			isa = PBXResourcesBuildPhase;
			buildActionMask = 2147483647;
			files = (
				8409C6AA1B4E94A600201764 /* Main.storyboard in Resources */,
				8409C6AF1B4E94A600201764 /* LaunchScreen.xib in Resources */,
				8409C6AC1B4E94A600201764 /* Images.xcassets in Resources */,
			);
			runOnlyForDeploymentPostprocessing = 0;
		};
		8409C6B21B4E94A600201764 /* Resources */ = {
			isa = PBXResourcesBuildPhase;
			buildActionMask = 2147483647;
			files = (
			);
			runOnlyForDeploymentPostprocessing = 0;
		};
/* End PBXResourcesBuildPhase section */

/* Begin PBXSourcesBuildPhase section */
		8409C6971B4E94A600201764 /* Sources */ = {
			isa = PBXSourcesBuildPhase;
			buildActionMask = 2147483647;
			files = (
				8409C6A71B4E94A600201764 /* ViewController.m in Sources */,
				8409C6A41B4E94A600201764 /* AppDelegate.m in Sources */,
				8409C6A11B4E94A600201764 /* main.m in Sources */,
			);
			runOnlyForDeploymentPostprocessing = 0;
		};
		8409C6B01B4E94A600201764 /* Sources */ = {
			isa = PBXSourcesBuildPhase;
			buildActionMask = 2147483647;
			files = (
				8409C6BB1B4E94A600201764 /* zigzagTests.m in Sources */,
			);
			runOnlyForDeploymentPostprocessing = 0;
		};
/* End PBXSourcesBuildPhase section */

/* Begin PBXTargetDependency section */
		8409C6B61B4E94A600201764 /* PBXTargetDependency */ = {
			isa = PBXTargetDependency;
			target = 8409C69A1B4E94A600201764 /* zigzag */;
			targetProxy = 8409C6B51B4E94A600201764 /* PBXContainerItemProxy */;
		};
/* End PBXTargetDependency section */

/* Begin PBXVariantGroup section */
		8409C6A81B4E94A600201764 /* Main.storyboard */ = {
			isa = PBXVariantGroup;
			children = (
				8409C6A91B4E94A600201764 /* Base */,
			);
			name = Main.storyboard;
			sourceTree = "<group>";
		};
		8409C6AD1B4E94A600201764 /* LaunchScreen.xib */ = {
			isa = PBXVariantGroup;
			children = (
				8409C6AE1B4E94A600201764 /* Base */,
			);
			name = LaunchScreen.xib;
			sourceTree = "<group>";
		};
/* End PBXVariantGroup section */

/* Begin XCBuildConfiguration section */
		8409C6BC1B4E94A600201764 /* Debug */ = {
			isa = XCBuildConfiguration;
			buildSettings = {
				ALWAYS_SEARCH_USER_PATHS = NO;
				CLANG_CXX_LANGUAGE_STANDARD = "gnu++0x";
				CLANG_CXX_LIBRARY = "libc++";
				CLANG_ENABLE_MODULES = YES;
				CLANG_ENABLE_OBJC_ARC = YES;
				CLANG_WARN_BOOL_CONVERSION = YES;
				CLANG_WARN_CONSTANT_CONVERSION = YES;
				CLANG_WARN_DIRECT_OBJC_ISA_USAGE = YES_ERROR;
				CLANG_WARN_EMPTY_BODY = YES;
				CLANG_WARN_ENUM_CONVERSION = YES;
				CLANG_WARN_INT_CONVERSION = YES;
				CLANG_WARN_OBJC_ROOT_CLASS = YES_ERROR;
				CLANG_WARN_UNREACHABLE_CODE = YES;
				CLANG_WARN__DUPLICATE_METHOD_MATCH = YES;
				"CODE_SIGN_IDENTITY[sdk=iphoneos*]" = "iPhone Developer";
				COPY_PHASE_STRIP = NO;
				DEBUG_INFORMATION_FORMAT = "dwarf-with-dsym";
				ENABLE_STRICT_OBJC_MSGSEND = YES;
				GCC_C_LANGUAGE_STANDARD = gnu99;
				GCC_DYNAMIC_NO_PIC = NO;
				GCC_NO_COMMON_BLOCKS = YES;
				GCC_OPTIMIZATION_LEVEL = 0;
				GCC_PREPROCESSOR_DEFINITIONS = (
					"DEBUG=1",
					"$(inherited)",
				);
				GCC_SYMBOLS_PRIVATE_EXTERN = NO;
				GCC_WARN_64_TO_32_BIT_CONVERSION = YES;
				GCC_WARN_ABOUT_RETURN_TYPE = YES_ERROR;
				GCC_WARN_UNDECLARED_SELECTOR = YES;
				GCC_WARN_UNINITIALIZED_AUTOS = YES_AGGRESSIVE;
				GCC_WARN_UNUSED_FUNCTION = YES;
				GCC_WARN_UNUSED_VARIABLE = YES;
				IPHONEOS_DEPLOYMENT_TARGET = 8.4;
				MTL_ENABLE_DEBUG_INFO = YES;
				ONLY_ACTIVE_ARCH = YES;
				SDKROOT = iphoneos;
			};
			name = Debug;
		};
		8409C6BD1B4E94A600201764 /* Release */ = {
			isa = XCBuildConfiguration;
			buildSettings = {
				ALWAYS_SEARCH_USER_PATHS = NO;
				CLANG_CXX_LANGUAGE_STANDARD = "gnu++0x";
				CLANG_CXX_LIBRARY = "libc++";
				CLANG_ENABLE_MODULES = YES;
				CLANG_ENABLE_OBJC_ARC = YES;
				CLANG_WARN_BOOL_CONVERSION = YES;
				CLANG_WARN_CONSTANT_CONVERSION = YES;
				CLANG_WARN_DIRECT_OBJC_ISA_USAGE = YES_ERROR;
				CLANG_WARN_EMPTY_BODY = YES;
				CLANG_WARN_ENUM_CONVERSION = YES;
				CLANG_WARN_INT_CONVERSION = YES;
				CLANG_WARN_OBJC_ROOT_CLASS = YES_ERROR;
				CLANG_WARN_UNREACHABLE_CODE = YES;
				CLANG_WARN__DUPLICATE_METHOD_MATCH = YES;
				"CODE_SIGN_IDENTITY[sdk=iphoneos*]" = "iPhone Developer";
				COPY_PHASE_STRIP = NO;
				DEBUG_INFORMATION_FORMAT = "dwarf-with-dsym";
				ENABLE_NS_ASSERTIONS = NO;
				ENABLE_STRICT_OBJC_MSGSEND = YES;
				GCC_C_LANGUAGE_STANDARD = gnu99;
				GCC_NO_COMMON_BLOCKS = YES;
				GCC_WARN_64_TO_32_BIT_CONVERSION = YES;
				GCC_WARN_ABOUT_RETURN_TYPE = YES_ERROR;
				GCC_WARN_UNDECLARED_SELECTOR = YES;
				GCC_WARN_UNINITIALIZED_AUTOS = YES_AGGRESSIVE;
				GCC_WARN_UNUSED_FUNCTION = YES;
				GCC_WARN_UNUSED_VARIABLE = YES;
				IPHONEOS_DEPLOYMENT_TARGET = 8.4;
				MTL_ENABLE_DEBUG_INFO = NO;
				SDKROOT = iphoneos;
				VALIDATE_PRODUCT = YES;
			};
			name = Release;
		};
		8409C6BF1B4E94A600201764 /* Debug */ = {
			isa = XCBuildConfiguration;
			buildSettings = {
				ASSETCATALOG_COMPILER_APPICON_NAME = AppIcon;
				INFOPLIST_FILE = zigzag/Info.plist;
				LD_RUNPATH_SEARCH_PATHS = "$(inherited) @executable_path/Frameworks";
				PRODUCT_NAME = "$(TARGET_NAME)";
			};
			name = Debug;
		};
		8409C6C01B4E94A600201764 /* Release */ = {
			isa = XCBuildConfiguration;
			buildSettings = {
				ASSETCATALOG_COMPILER_APPICON_NAME = AppIcon;
				INFOPLIST_FILE = zigzag/Info.plist;
				LD_RUNPATH_SEARCH_PATHS = "$(inherited) @executable_path/Frameworks";
				PRODUCT_NAME = "$(TARGET_NAME)";
			};
			name = Release;
		};
		8409C6C21B4E94A600201764 /* Debug */ = {
			isa = XCBuildConfiguration;
			buildSettings = {
				BUNDLE_LOADER = "$(TEST_HOST)";
				FRAMEWORK_SEARCH_PATHS = (
					"$(SDKROOT)/Developer/Library/Frameworks",
					"$(inherited)",
				);
				GCC_PREPROCESSOR_DEFINITIONS = (
					"DEBUG=1",
					"$(inherited)",
				);
				INFOPLIST_FILE = zigzagTests/Info.plist;
				LD_RUNPATH_SEARCH_PATHS = "$(inherited) @executable_path/Frameworks @loader_path/Frameworks";
				PRODUCT_NAME = "$(TARGET_NAME)";
				TEST_HOST = "$(BUILT_PRODUCTS_DIR)/zigzag.app/zigzag";
			};
			name = Debug;
		};
		8409C6C31B4E94A600201764 /* Release */ = {
			isa = XCBuildConfiguration;
			buildSettings = {
				BUNDLE_LOADER = "$(TEST_HOST)";
				FRAMEWORK_SEARCH_PATHS = (
					"$(SDKROOT)/Developer/Library/Frameworks",
					"$(inherited)",
				);
				INFOPLIST_FILE = zigzagTests/Info.plist;
				LD_RUNPATH_SEARCH_PATHS = "$(inherited) @executable_path/Frameworks @loader_path/Frameworks";
				PRODUCT_NAME = "$(TARGET_NAME)";
				TEST_HOST = "$(BUILT_PRODUCTS_DIR)/zigzag.app/zigzag";
			};
			name = Release;
		};
/* End XCBuildConfiguration section */

/* Begin XCConfigurationList section */
		8409C6961B4E94A600201764 /* Build configuration list for PBXProject "zigzag" */ = {
			isa = XCConfigurationList;
			buildConfigurations = (
				8409C6BC1B4E94A600201764 /* Debug */,
				8409C6BD1B4E94A600201764 /* Release */,
			);
			defaultConfigurationIsVisible = 0;
			defaultConfigurationName = Release;
		};
		8409C6BE1B4E94A600201764 /* Build configuration list for PBXNativeTarget "zigzag" */ = {
			isa = XCConfigurationList;
			buildConfigurations = (
				8409C6BF1B4E94A600201764 /* Debug */,
				8409C6C01B4E94A600201764 /* Release */,
			);
			defaultConfigurationIsVisible = 0;
		};
		8409C6C11B4E94A600201764 /* Build configuration list for PBXNativeTarget "zigzagTests" */ = {
			isa = XCConfigurationList;
			buildConfigurations = (
				8409C6C21B4E94A600201764 /* Debug */,
				8409C6C31B4E94A600201764 /* Release */,
			);
			defaultConfigurationIsVisible = 0;
		};
/* End XCConfigurationList section */
	};
	rootObject = 8409C6931B4E94A600201764 /* Project object */;
}
